
Microsoft Visual Studio Solution File, Format Version 12.00
# Visual Studio Version 16
VisualStudioVersion = 16.0.31729.503
MinimumVisualStudioVersion = 10.0.40219.1
Project("{FAE04EC0-301F-11D3-BF4B-00C04F79EFBC}") = "CovidVaccination", "CovidVaccination\CovidVaccination.csproj", "{423DD975-A68F-4BE5-81EC-92CAF5A40A56}"
EndProject
Global
	GlobalSection(SolutionConfigurationPlatforms) = preSolution
		Debug|Any CPU = Debug|Any CPU
		Release|Any CPU = Release|Any CPU
	EndGlobalSection
	GlobalSection(ProjectConfigurationPlatforms) = postSolution
		{423DD975-A68F-4BE5-81EC-92CAF5A40A56}.Debug|Any CPU.ActiveCfg = Debug|Any CPU
		{423DD975-A68F-4BE5-81EC-92CAF5A40A56}.Debug|Any CPU.Build.0 = Debug|Any CPU
		{423DD975-A68F-4BE5-81EC-92CAF5A40A56}.Release|Any CPU.ActiveCfg = Release|Any CPU
		{423DD975-A68F-4BE5-81EC-92CAF5A40A56}.Release|Any CPU.Build.0 = Release|Any CPU
	EndGlobalSection
	GlobalSection(SolutionProperties) = preSolution
		HideSolutionNode = FALSE
	EndGlobalSection
	GlobalSection(ExtensibilityGlobals) = postSolution
		SolutionGuid = {7723DBFE-952E-4AE6-B1C0-94AE86265DE2}
	EndGlobalSection
EndGlobal
